
Microsoft Visual Studio Solution File, Format Version 12.00
# Visual Studio Version 16
VisualStudioVersion = 16.0.30011.22
MinimumVisualStudioVersion = 10.0.40219.1
Project("{888888A0-9F3D-457C-B088-3A5042F75D52}") = "django_algorithm_solve", "django_algorithm_solve\django_algorithm_solve.pyproj", "{63DEDB87-998C-4AFB-A3C2-FD0E7F91E641}"
EndProject
Global
	GlobalSection(SolutionConfigurationPlatforms) = preSolution
		Debug|Any CPU = Debug|Any CPU
		Release|Any CPU = Release|Any CPU
	EndGlobalSection
	GlobalSection(ProjectConfigurationPlatforms) = postSolution
		{63DEDB87-998C-4AFB-A3C2-FD0E7F91E641}.Debug|Any CPU.ActiveCfg = Debug|Any CPU
		{63DEDB87-998C-4AFB-A3C2-FD0E7F91E641}.Debug|Any CPU.Build.0 = Debug|Any CPU
		{63DEDB87-998C-4AFB-A3C2-FD0E7F91E641}.Release|Any CPU.ActiveCfg = Release|Any CPU
		{63DEDB87-998C-4AFB-A3C2-FD0E7F91E641}.Release|Any CPU.Build.0 = Release|Any CPU
	EndGlobalSection
	GlobalSection(SolutionProperties) = preSolution
		HideSolutionNode = FALSE
	EndGlobalSection
	GlobalSection(ExtensibilityGlobals) = postSolution
		SolutionGuid = {D85E60D0-CDA7-4EA9-923D-D2482FF3BF63}
	EndGlobalSection
EndGlobal
